
Microsoft Visual Studio Solution File, Format Version 12.00
# Visual Studio Version 17
VisualStudioVersion = 17.6.33723.286
MinimumVisualStudioVersion = 10.0.40219.1
Project("{8BC9CEB8-8B4A-11D0-8D11-00A0C91BC942}") = "utils", "utils\utils.vcxproj", "{97F36483-7CC1-4004-9510-BA6DDBA49C66}"
EndProject
Project("{8BC9CEB8-8B4A-11D0-8D11-00A0C91BC942}") = "utils-test", "utils-test\utils-test.vcxproj", "{B7CF972E-0180-48BD-9443-F68CE6833744}"
	ProjectSection(ProjectDependencies) = postProject
		{97F36483-7CC1-4004-9510-BA6DDBA49C66} = {97F36483-7CC1-4004-9510-BA6DDBA49C66}
	EndProjectSection
EndProject
Global
	GlobalSection(SolutionConfigurationPlatforms) = preSolution
		Debug|x64 = Debug|x64
		Debug|x86 = Debug|x86
		Release|x64 = Release|x64
		Release|x86 = Release|x86
	EndGlobalSection
	GlobalSection(ProjectConfigurationPlatforms) = postSolution
		{97F36483-7CC1-4004-9510-BA6DDBA49C66}.Debug|x64.ActiveCfg = Debug|x64
		{97F36483-7CC1-4004-9510-BA6DDBA49C66}.Debug|x64.Build.0 = Debug|x64
		{97F36483-7CC1-4004-9510-BA6DDBA49C66}.Debug|x86.ActiveCfg = Debug|Win32
		{97F36483-7CC1-4004-9510-BA6DDBA49C66}.Debug|x86.Build.0 = Debug|Win32
		{97F36483-7CC1-4004-9510-BA6DDBA49C66}.Release|x64.ActiveCfg = Release|x64
		{97F36483-7CC1-4004-9510-BA6DDBA49C66}.Release|x64.Build.0 = Release|x64
		{97F36483-7CC1-4004-9510-BA6DDBA49C66}.Release|x86.ActiveCfg = Release|Win32
		{97F36483-7CC1-4004-9510-BA6DDBA49C66}.Release|x86.Build.0 = Release|Win32
		{B7CF972E-0180-48BD-9443-F68CE6833744}.Debug|x64.ActiveCfg = Debug|x64
		{B7CF972E-0180-48BD-9443-F68CE6833744}.Debug|x64.Build.0 = Debug|x64
		{B7CF972E-0180-48BD-9443-F68CE6833744}.Debug|x86.ActiveCfg = Debug|Win32
		{B7CF972E-0180-48BD-9443-F68CE6833744}.Debug|x86.Build.0 = Debug|Win32
		{B7CF972E-0180-48BD-9443-F68CE6833744}.Release|x64.ActiveCfg = Release|x64
		{B7CF972E-0180-48BD-9443-F68CE6833744}.Release|x64.Build.0 = Release|x64
		{B7CF972E-0180-48BD-9443-F68CE6833744}.Release|x86.ActiveCfg = Release|Win32
		{B7CF972E-0180-48BD-9443-F68CE6833744}.Release|x86.Build.0 = Release|Win32
	EndGlobalSection
	GlobalSection(SolutionProperties) = preSolution
		HideSolutionNode = FALSE
	EndGlobalSection
	GlobalSection(ExtensibilityGlobals) = postSolution
		SolutionGuid = {50BDBC31-DA71-4A4E-80D5-9B2EE7132CE2}
	EndGlobalSection
EndGlobal
