<?xml version="1.0" encoding="utf-8"?>
<Project ToolsVersion="4.0" xmlns="http://schemas.microsoft.com/developer/msbuild/2003">
  <ItemGroup>
    <ClCompile Include="endian_unit_test.cpp" />
    <ClCompile Include="json_unit_test.cpp" />
    <ClCompile Include="main.cpp" />
    <ClCompile Include="matrix_unit_test.cpp" />
    <ClCompile Include="dynamic_matrix_unit_test.cpp" />
    <ClCompile Include="string_utils_unit_test.cpp" />
    <ClCompile Include="unicode_unit_test.cpp" />
    <ClCompile Include="number_conv_unit_test.cpp" />
    <ClCompile Include="file_unit_test.cpp" />
    <ClCompile Include="log_unit_test.cpp" />
    <ClCompile Include="cmd_line_unit_test.cpp" />
    <ClCompile Include="memory_unit_test.cpp" />
    <ClCompile Include="message_unit_test.cpp" />
    <ClCompile Include="point_unit_test.cpp" />
    <ClCompile Include="stream_unit_test.cpp" />
    <ClCompile Include="xml_unit_test.cpp" />
    <ClCompile Include="var_unit_test.cpp" />
    <ClCompile Include="uri_unit_test.cpp" />
  </ItemGroup>
</Project>