<?xml version="1.0" encoding="utf-8"?>
<Project ToolsVersion="4.0" xmlns="http://schemas.microsoft.com/developer/msbuild/2003">
  <ItemGroup>
    <Filter Include="files">
      <UniqueIdentifier>{0a15b978-798f-488c-920e-295afd4c0020}</UniqueIdentifier>
    </Filter>
    <Filter Include="json">
      <UniqueIdentifier>{7203e4b2-bdd2-48a8-86cb-578f1ee1b1f3}</UniqueIdentifier>
    </Filter>
    <Filter Include="xml">
      <UniqueIdentifier>{2307ea1b-0eb9-48f7-ac7d-dd95fda721cc}</UniqueIdentifier>
    </Filter>
    <Filter Include="math">
      <UniqueIdentifier>{7dbe8d63-f26d-4fae-80c0-624fc8ce06db}</UniqueIdentifier>
    </Filter>
    <Filter Include="math\algebra">
      <UniqueIdentifier>{5a0a8bb6-97ea-484a-9b49-2ec7300714e8}</UniqueIdentifier>
    </Filter>
    <Filter Include="message">
      <UniqueIdentifier>{3bba7083-e448-443c-80be-82a65e7fce86}</UniqueIdentifier>
    </Filter>
    <Filter Include="message\win">
      <UniqueIdentifier>{e0f79b13-a9a1-4afe-b236-bfcb3b54e7a6}</UniqueIdentifier>
    </Filter>
    <Filter Include="mac">
      <UniqueIdentifier>{d10252ab-7f52-4feb-bc36-7ee5ccb3f779}</UniqueIdentifier>
    </Filter>
    <Filter Include="win">
      <UniqueIdentifier>{9defd63e-4b58-49f8-b731-faf62f089847}</UniqueIdentifier>
    </Filter>
    <Filter Include="unit_test">
      <UniqueIdentifier>{0584489f-c14f-4843-80d8-f14bb8847e4e}</UniqueIdentifier>
    </Filter>
    <Filter Include="strings">
      <UniqueIdentifier>{d57eaf8e-59dd-428e-bb9e-c1ec2c483aca}</UniqueIdentifier>
    </Filter>
    <Filter Include="memory">
      <UniqueIdentifier>{e47e8862-14ed-48bf-a059-af63caadbf49}</UniqueIdentifier>
    </Filter>
    <Filter Include="sync">
      <UniqueIdentifier>{f2f934de-ae48-4325-9a40-eea19aabee2b}</UniqueIdentifier>
    </Filter>
    <Filter Include="memory\win">
      <UniqueIdentifier>{fa23bc24-6a35-4aa2-93ac-2c4e8b04b1ac}</UniqueIdentifier>
    </Filter>
    <Filter Include="sync\win">
      <UniqueIdentifier>{8c28877e-0ea9-4f31-a035-1045259908ab}</UniqueIdentifier>
    </Filter>
  </ItemGroup>
  <ItemGroup>
    <ClCompile Include="log.cpp" />
    <ClCompile Include="platform_utils.cpp" />
    <ClCompile Include="stl_utils.cpp" />
    <ClCompile Include="json\json_parser.cpp">
      <Filter>json</Filter>
    </ClCompile>
    <ClCompile Include="json\json_structs.cpp">
      <Filter>json</Filter>
    </ClCompile>
    <ClCompile Include="xml\xml_parser.cpp">
      <Filter>xml</Filter>
    </ClCompile>
    <ClCompile Include="xml\xml_pedometer.cpp">
      <Filter>xml</Filter>
    </ClCompile>
    <ClCompile Include="xml\xml_structs.cpp">
      <Filter>xml</Filter>
    </ClCompile>
    <ClCompile Include="xml\xml_writer.cpp">
      <Filter>xml</Filter>
    </ClCompile>
    <ClCompile Include="files\file_utils.cpp">
      <Filter>files</Filter>
    </ClCompile>
    <ClCompile Include="stream_utils.cpp" />
    <ClCompile Include="command_line.cpp" />
    <ClCompile Include="message\cycler.cpp">
      <Filter>message</Filter>
    </ClCompile>
    <ClCompile Include="message\message.cpp">
      <Filter>message</Filter>
    </ClCompile>
    <ClCompile Include="message\message_queue.cpp">
      <Filter>message</Filter>
    </ClCompile>
    <ClCompile Include="mac\log_mac.cpp">
      <Filter>mac</Filter>
    </ClCompile>
    <ClCompile Include="win\command_line_win.cpp">
      <Filter>win</Filter>
    </ClCompile>
    <ClCompile Include="win\log_win.cpp">
      <Filter>win</Filter>
    </ClCompile>
    <ClCompile Include="message\message_pump.cpp">
      <Filter>message</Filter>
    </ClCompile>
    <ClCompile Include="message\win\message_pump_ui_win.cpp">
      <Filter>message\win</Filter>
    </ClCompile>
    <ClCompile Include="message\win\message_pump_win.cpp">
      <Filter>message\win</Filter>
    </ClCompile>
    <ClCompile Include="time_utils.cpp" />
    <ClCompile Include="unit_test\test_case.cpp">
      <Filter>unit_test</Filter>
    </ClCompile>
    <ClCompile Include="unit_test\test_suite.cpp">
      <Filter>unit_test</Filter>
    </ClCompile>
    <ClCompile Include="unit_test\test_collector.cpp">
      <Filter>unit_test</Filter>
    </ClCompile>
    <ClCompile Include="strings\unicode_conv.cpp">
      <Filter>strings</Filter>
    </ClCompile>
    <ClCompile Include="strings\usformat.cpp">
      <Filter>strings</Filter>
    </ClCompile>
    <ClCompile Include="strings\usprintf.cpp">
      <Filter>strings</Filter>
    </ClCompile>
    <ClCompile Include="strings\float_conv.cpp">
      <Filter>strings</Filter>
    </ClCompile>
  </ItemGroup>
  <ItemGroup>
    <ClInclude Include="event_handler.hpp" />
    <ClInclude Include="executable.h" />
    <ClInclude Include="log.h" />
    <ClInclude Include="platform_utils.h" />
    <ClInclude Include="stl_utils.h" />
    <ClInclude Include="weak_bind.hpp" />
    <ClInclude Include="weak_ref_nest.hpp" />
    <ClInclude Include="json\json_parser.h">
      <Filter>json</Filter>
    </ClInclude>
    <ClInclude Include="json\json_structs.h">
      <Filter>json</Filter>
    </ClInclude>
    <ClInclude Include="xml\xml_parser.h">
      <Filter>xml</Filter>
    </ClInclude>
    <ClInclude Include="xml\xml_pedometer.h">
      <Filter>xml</Filter>
    </ClInclude>
    <ClInclude Include="xml\xml_structs.h">
      <Filter>xml</Filter>
    </ClInclude>
    <ClInclude Include="xml\xml_writer.h">
      <Filter>xml</Filter>
    </ClInclude>
    <ClInclude Include="files\file_utils.h">
      <Filter>files</Filter>
    </ClInclude>
    <ClInclude Include="endian.hpp" />
    <ClInclude Include="stream_utils.h" />
    <ClInclude Include="endian_ml.hpp" />
    <ClInclude Include="command_line.h" />
    <ClInclude Include="math\algebra\dynamic_matrix.hpp">
      <Filter>math\algebra</Filter>
    </ClInclude>
    <ClInclude Include="math\algebra\matrix.hpp">
      <Filter>math\algebra</Filter>
    </ClInclude>
    <ClInclude Include="math\algebra\optimization.hpp">
      <Filter>math\algebra</Filter>
    </ClInclude>
    <ClInclude Include="math\algebra\dynamic_optimization.hpp">
      <Filter>math\algebra</Filter>
    </ClInclude>
    <ClInclude Include="message\cycler.h">
      <Filter>message</Filter>
    </ClInclude>
    <ClInclude Include="message\message.h">
      <Filter>message</Filter>
    </ClInclude>
    <ClInclude Include="message\message_queue.h">
      <Filter>message</Filter>
    </ClInclude>
    <ClInclude Include="mac\objc_utils.hpp">
      <Filter>mac</Filter>
    </ClInclude>
    <ClInclude Include="message\message_pump.h">
      <Filter>message</Filter>
    </ClInclude>
    <ClInclude Include="numbers.hpp" />
    <ClInclude Include="scope_utils.hpp" />
    <ClInclude Include="message\win\message_pump_ui_win.h">
      <Filter>message\win</Filter>
    </ClInclude>
    <ClInclude Include="message\win\message_pump_win.h">
      <Filter>message\win</Filter>
    </ClInclude>
    <ClInclude Include="multi_callbacks.hpp" />
    <ClInclude Include="time_utils.h" />
    <ClInclude Include="type_utils.hpp" />
    <ClInclude Include="unit_test\test_case.h">
      <Filter>unit_test</Filter>
    </ClInclude>
    <ClInclude Include="unit_test\test_suite.h">
      <Filter>unit_test</Filter>
    </ClInclude>
    <ClInclude Include="unit_test\test_collector.h">
      <Filter>unit_test</Filter>
    </ClInclude>
    <ClInclude Include="define_utils.hpp" />
    <ClInclude Include="assuming.hpp" />
    <ClInclude Include="endian_internal.hpp" />
    <ClInclude Include="unit_test\test_log.hpp">
      <Filter>unit_test</Filter>
    </ClInclude>
    <ClInclude Include="strings\string_utils.hpp">
      <Filter>strings</Filter>
    </ClInclude>
    <ClInclude Include="strings\string_utils_internal.hpp">
      <Filter>strings</Filter>
    </ClInclude>
    <ClInclude Include="strings\string_utils_types.hpp">
      <Filter>strings</Filter>
    </ClInclude>
    <ClInclude Include="strings\unicode_conv.h">
      <Filter>strings</Filter>
    </ClInclude>
    <ClInclude Include="strings\usformat.h">
      <Filter>strings</Filter>
    </ClInclude>
    <ClInclude Include="strings\usformat_any_internal.hpp">
      <Filter>strings</Filter>
    </ClInclude>
    <ClInclude Include="strings\usformat_internal.hpp">
      <Filter>strings</Filter>
    </ClInclude>
    <ClInclude Include="strings\usprintf.h">
      <Filter>strings</Filter>
    </ClInclude>
    <ClInclude Include="strings\usprintf_internal.hpp">
      <Filter>strings</Filter>
    </ClInclude>
    <ClInclude Include="strings\ustring_print_internal.hpp">
      <Filter>strings</Filter>
    </ClInclude>
    <ClInclude Include="memory\aligments.hpp">
      <Filter>memory</Filter>
    </ClInclude>
    <ClInclude Include="strings\conv_ret_code.hpp">
      <Filter>strings</Filter>
    </ClInclude>
    <ClInclude Include="strings\float_conv.h">
      <Filter>strings</Filter>
    </ClInclude>
    <ClInclude Include="strings\float_conv_big_num.hpp">
      <Filter>strings</Filter>
    </ClInclude>
    <ClInclude Include="strings\float_conv_internal.hpp">
      <Filter>strings</Filter>
    </ClInclude>
    <ClInclude Include="strings\float_conv_types.hpp">
      <Filter>strings</Filter>
    </ClInclude>
    <ClInclude Include="strings\int_conv.hpp">
      <Filter>strings</Filter>
    </ClInclude>
    <ClInclude Include="strings\uint_exp.hpp">
      <Filter>strings</Filter>
    </ClInclude>
    <ClInclude Include="memory\win\com_pptr.hpp">
      <Filter>memory\win</Filter>
    </ClInclude>
    <ClInclude Include="memory\win\com_ptr.hpp">
      <Filter>memory\win</Filter>
    </ClInclude>
    <ClInclude Include="sync\win\critical_section.hpp">
      <Filter>sync\win</Filter>
    </ClInclude>
    <ClInclude Include="math\algebra\point.hpp">
      <Filter>math\algebra</Filter>
    </ClInclude>
    <ClInclude Include="math\algebra\special_matrix.hpp">
      <Filter>math\algebra</Filter>
    </ClInclude>
    <ClInclude Include="math\algebra\geocal.hpp">
      <Filter>math\algebra</Filter>
    </ClInclude>
  </ItemGroup>
  <ItemGroup>
    <None Include="mac\command_line_mac.mm">
      <Filter>mac</Filter>
    </None>
  </ItemGroup>
</Project>